
Microsoft Visual Studio Solution File, Format Version 12.00
# Visual Studio Version 17
VisualStudioVersion = 17.3.32922.545
MinimumVisualStudioVersion = 10.0.40219.1
Project("{FAE04EC0-301F-11D3-BF4B-00C04F79EFBC}") = "LatihanOverload", "LatihanOverload\LatihanOverload.csproj", "{070B48D8-6017-4EAD-B659-774D2EBDCED7}"
EndProject
Global
	GlobalSection(SolutionConfigurationPlatforms) = preSolution
		Debug|Any CPU = Debug|Any CPU
		Release|Any CPU = Release|Any CPU
	EndGlobalSection
	GlobalSection(ProjectConfigurationPlatforms) = postSolution
		{070B48D8-6017-4EAD-B659-774D2EBDCED7}.Debug|Any CPU.ActiveCfg = Debug|Any CPU
		{070B48D8-6017-4EAD-B659-774D2EBDCED7}.Debug|Any CPU.Build.0 = Debug|Any CPU
		{070B48D8-6017-4EAD-B659-774D2EBDCED7}.Release|Any CPU.ActiveCfg = Release|Any CPU
		{070B48D8-6017-4EAD-B659-774D2EBDCED7}.Release|Any CPU.Build.0 = Release|Any CPU
	EndGlobalSection
	GlobalSection(SolutionProperties) = preSolution
		HideSolutionNode = FALSE
	EndGlobalSection
	GlobalSection(ExtensibilityGlobals) = postSolution
		SolutionGuid = {9D143D29-C7A8-4FDA-9344-3D4681268B61}
	EndGlobalSection
EndGlobal
